// !$*UTF8*$!
{
	archiveVersion = 1;
	classes = {
	};
	objectVersion = 77;
	objects = {

/* Begin PBXBuildFile section */
		9B15CC812F633B2900CF8CBA /* Defaults in Frameworks */ = {isa = PBXBuildFile; productRef = 9B15CC802F633B2900CF8CBA /* Defaults */; };
		9B28E8312F6844FA002AC079 /* Sparkle in Frameworks */ = {isa = PBXBuildFile; productRef = 9B28E8302F6844FA002AC079 /* Sparkle */; };
		9B6FD5152F689624002939B3 /* ComfyDrop.icon in Resources */ = {isa = PBXBuildFile; fileRef = 9B6FD5142F689624002939B3 /* ComfyDrop.icon */; };
/* End PBXBuildFile section */

/* Begin PBXContainerItemProxy section */
		9B15CCD82F64705100CF8CBA /* PBXContainerItemProxy */ = {
			isa = PBXContainerItemProxy;
			containerPortal = 9B15CC402F630C4500CF8CBA /* Project object */;
			proxyType = 1;
			remoteGlobalIDString = 9B15CC472F630C4500CF8CBA;
			remoteInfo = ComfyDrop;
		};
/* End PBXContainerItemProxy section */

/* Begin PBXFileReference section */
		9B15CC482F630C4500CF8CBA /* ComfyDrop.app */ = {isa = PBXFileReference; explicitFileType = wrapper.application; includeInIndex = 0; path = ComfyDrop.app; sourceTree = BUILT_PRODUCTS_DIR; };
		9B15CCD42F64705100CF8CBA /* ComfyDropTests.xctest */ = {isa = PBXFileReference; explicitFileType = wrapper.cfbundle; includeInIndex = 0; path = ComfyDropTests.xctest; sourceTree = BUILT_PRODUCTS_DIR; };
		9B6FD5142F689624002939B3 /* ComfyDrop.icon */ = {isa = PBXFileReference; lastKnownFileType = folder.iconcomposer.icon; path = ComfyDrop.icon; sourceTree = "<group>"; };
/* End PBXFileReference section */

/* Begin PBXFileSystemSynchronizedBuildFileExceptionSet section */
		9B28E83C2F6849B3002AC079 /* Exceptions for "ComfyDrop" folder in "ComfyDrop" target */ = {
			isa = PBXFileSystemSynchronizedBuildFileExceptionSet;
			membershipExceptions = (
				Info.plist,
			);
			target = 9B15CC472F630C4500CF8CBA /* ComfyDrop */;
		};
/* End PBXFileSystemSynchronizedBuildFileExceptionSet section */

/* Begin PBXFileSystemSynchronizedRootGroup section */
		9B15CC4A2F630C4500CF8CBA /* ComfyDrop */ = {
			isa = PBXFileSystemSynchronizedRootGroup;
			exceptions = (
				9B28E83C2F6849B3002AC079 /* Exceptions for "ComfyDrop" folder in "ComfyDrop" target */,
			);
			path = ComfyDrop;
			sourceTree = "<group>";
		};
		9B15CCD52F64705100CF8CBA /* ComfyDropTests */ = {
			isa = PBXFileSystemSynchronizedRootGroup;
			path = ComfyDropTests;
			sourceTree = "<group>";
		};
/* End PBXFileSystemSynchronizedRootGroup section */

/* Begin PBXFrameworksBuildPhase section */
		9B15CC452F630C4500CF8CBA /* Frameworks */ = {
			isa = PBXFrameworksBuildPhase;
			buildActionMask = 2147483647;
			files = (
				9B15CC812F633B2900CF8CBA /* Defaults in Frameworks */,
				9B28E8312F6844FA002AC079 /* Sparkle in Frameworks */,
			);
			runOnlyForDeploymentPostprocessing = 0;
		};
		9B15CCD12F64705100CF8CBA /* Frameworks */ = {
			isa = PBXFrameworksBuildPhase;
			buildActionMask = 2147483647;
			files = (
			);
			runOnlyForDeploymentPostprocessing = 0;
		};
/* End PBXFrameworksBuildPhase section */

/* Begin PBXGroup section */
		9B15CC3F2F630C4500CF8CBA = {
			isa = PBXGroup;
			children = (
				9B6FD5142F689624002939B3 /* ComfyDrop.icon */,
				9B15CC4A2F630C4500CF8CBA /* ComfyDrop */,
				9B15CCD52F64705100CF8CBA /* ComfyDropTests */,
				9B15CC492F630C4500CF8CBA /* Products */,
			);
			sourceTree = "<group>";
		};
		9B15CC492F630C4500CF8CBA /* Products */ = {
			isa = PBXGroup;
			children = (
				9B15CC482F630C4500CF8CBA /* ComfyDrop.app */,
				9B15CCD42F64705100CF8CBA /* ComfyDropTests.xctest */,
			);
			name = Products;
			sourceTree = "<group>";
		};
/* End PBXGroup section */

/* Begin PBXNativeTarget section */
		9B15CC472F630C4500CF8CBA /* ComfyDrop */ = {
			isa = PBXNativeTarget;
			buildConfigurationList = 9B15CC532F630C4600CF8CBA /* Build configuration list for PBXNativeTarget "ComfyDrop" */;
			buildPhases = (
				9B15CC442F630C4500CF8CBA /* Sources */,
				9B15CC452F630C4500CF8CBA /* Frameworks */,
				9B15CC462F630C4500CF8CBA /* Resources */,
			);
			buildRules = (
			);
			dependencies = (
			);
			fileSystemSynchronizedGroups = (
				9B15CC4A2F630C4500CF8CBA /* ComfyDrop */,
			);
			name = ComfyDrop;
			packageProductDependencies = (
				9B15CC802F633B2900CF8CBA /* Defaults */,
				9B28E8302F6844FA002AC079 /* Sparkle */,
			);
			productName = ComfyDrop;
			productReference = 9B15CC482F630C4500CF8CBA /* ComfyDrop.app */;
			productType = "com.apple.product-type.application";
		};
		9B15CCD32F64705100CF8CBA /* ComfyDropTests */ = {
			isa = PBXNativeTarget;
			buildConfigurationList = 9B15CCDA2F64705100CF8CBA /* Build configuration list for PBXNativeTarget "ComfyDropTests" */;
			buildPhases = (
				9B15CCD02F64705100CF8CBA /* Sources */,
				9B15CCD12F64705100CF8CBA /* Frameworks */,
				9B15CCD22F64705100CF8CBA /* Resources */,
			);
			buildRules = (
			);
			dependencies = (
				9B15CCD92F64705100CF8CBA /* PBXTargetDependency */,
			);
			fileSystemSynchronizedGroups = (
				9B15CCD52F64705100CF8CBA /* ComfyDropTests */,
			);
			name = ComfyDropTests;
			packageProductDependencies = (
			);
			productName = ComfyDropTests;
			productReference = 9B15CCD42F64705100CF8CBA /* ComfyDropTests.xctest */;
			productType = "com.apple.product-type.bundle.unit-test";
		};
/* End PBXNativeTarget section */

/* Begin PBXProject section */
		9B15CC402F630C4500CF8CBA /* Project object */ = {
			isa = PBXProject;
			attributes = {
				BuildIndependentTargetsInParallel = 1;
				LastSwiftUpdateCheck = 2630;
				LastUpgradeCheck = 2630;
				TargetAttributes = {
					9B15CC472F630C4500CF8CBA = {
						CreatedOnToolsVersion = 26.3;
					};
					9B15CCD32F64705100CF8CBA = {
						CreatedOnToolsVersion = 26.3;
						TestTargetID = 9B15CC472F630C4500CF8CBA;
					};
				};
			};
			buildConfigurationList = 9B15CC432F630C4500CF8CBA /* Build configuration list for PBXProject "ComfyDrop" */;
			developmentRegion = en;
			hasScannedForEncodings = 0;
			knownRegions = (
				en,
				Base,
			);
			mainGroup = 9B15CC3F2F630C4500CF8CBA;
			minimizedProjectReferenceProxies = 1;
			packageReferences = (
				9B15CC7F2F633B2900CF8CBA /* XCRemoteSwiftPackageReference "Defaults" */,
				9B28E82F2F6844FA002AC079 /* XCRemoteSwiftPackageReference "Sparkle" */,
			);
			preferredProjectObjectVersion = 77;
			productRefGroup = 9B15CC492F630C4500CF8CBA /* Products */;
			projectDirPath = "";
			projectRoot = "";
			targets = (
				9B15CC472F630C4500CF8CBA /* ComfyDrop */,
				9B15CCD32F64705100CF8CBA /* ComfyDropTests */,
			);
		};
/* End PBXProject section */

/* Begin PBXResourcesBuildPhase section */
		9B15CC462F630C4500CF8CBA /* Resources */ = {
			isa = PBXResourcesBuildPhase;
			buildActionMask = 2147483647;
			files = (
				9B6FD5152F689624002939B3 /* ComfyDrop.icon in Resources */,
			);
			runOnlyForDeploymentPostprocessing = 0;
		};
		9B15CCD22F64705100CF8CBA /* Resources */ = {
			isa = PBXResourcesBuildPhase;
			buildActionMask = 2147483647;
			files = (
			);
			runOnlyForDeploymentPostprocessing = 0;
		};
/* End PBXResourcesBuildPhase section */

/* Begin PBXSourcesBuildPhase section */
		9B15CC442F630C4500CF8CBA /* Sources */ = {
			isa = PBXSourcesBuildPhase;
			buildActionMask = 2147483647;
			files = (
			);
			runOnlyForDeploymentPostprocessing = 0;
		};
		9B15CCD02F64705100CF8CBA /* Sources */ = {
			isa = PBXSourcesBuildPhase;
			buildActionMask = 2147483647;
			files = (
			);
			runOnlyForDeploymentPostprocessing = 0;
		};
/* End PBXSourcesBuildPhase section */

/* Begin PBXTargetDependency section */
		9B15CCD92F64705100CF8CBA /* PBXTargetDependency */ = {
			isa = PBXTargetDependency;
			target = 9B15CC472F630C4500CF8CBA /* ComfyDrop */;
			targetProxy = 9B15CCD82F64705100CF8CBA /* PBXContainerItemProxy */;
		};
/* End PBXTargetDependency section */

/* Begin XCBuildConfiguration section */
		9B15CC512F630C4600CF8CBA /* Debug */ = {
			isa = XCBuildConfiguration;
			buildSettings = {
				ALWAYS_SEARCH_USER_PATHS = NO;
				ASSETCATALOG_COMPILER_GENERATE_SWIFT_ASSET_SYMBOL_EXTENSIONS = YES;
				CLANG_ANALYZER_NONNULL = YES;
				CLANG_ANALYZER_NUMBER_OBJECT_CONVERSION = YES_AGGRESSIVE;
				CLANG_CXX_LANGUAGE_STANDARD = "gnu++20";
				CLANG_ENABLE_MODULES = YES;
				CLANG_ENABLE_OBJC_ARC = YES;
				CLANG_ENABLE_OBJC_WEAK = YES;
				CLANG_WARN_BLOCK_CAPTURE_AUTORELEASING = YES;
				CLANG_WARN_BOOL_CONVERSION = YES;
				CLANG_WARN_COMMA = YES;
				CLANG_WARN_CONSTANT_CONVERSION = YES;
				CLANG_WARN_DEPRECATED_OBJC_IMPLEMENTATIONS = YES;
				CLANG_WARN_DIRECT_OBJC_ISA_USAGE = YES_ERROR;
				CLANG_WARN_DOCUMENTATION_COMMENTS = YES;
				CLANG_WARN_EMPTY_BODY = YES;
				CLANG_WARN_ENUM_CONVERSION = YES;
				CLANG_WARN_INFINITE_RECURSION = YES;
				CLANG_WARN_INT_CONVERSION = YES;
				CLANG_WARN_NON_LITERAL_NULL_CONVERSION = YES;
				CLANG_WARN_OBJC_IMPLICIT_RETAIN_SELF = YES;
				CLANG_WARN_OBJC_LITERAL_CONVERSION = YES;
				CLANG_WARN_OBJC_ROOT_CLASS = YES_ERROR;
				CLANG_WARN_QUOTED_INCLUDE_IN_FRAMEWORK_HEADER = YES;
				CLANG_WARN_RANGE_LOOP_ANALYSIS = YES;
				CLANG_WARN_STRICT_PROTOTYPES = YES;
				CLANG_WARN_SUSPICIOUS_MOVE = YES;
				CLANG_WARN_UNGUARDED_AVAILABILITY = YES_AGGRESSIVE;
				CLANG_WARN_UNREACHABLE_CODE = YES;
				CLANG_WARN__DUPLICATE_METHOD_MATCH = YES;
				COPY_PHASE_STRIP = NO;
				DEBUG_INFORMATION_FORMAT = dwarf;
				DEVELOPMENT_TEAM = B9P888266K;
				ENABLE_STRICT_OBJC_MSGSEND = YES;
				ENABLE_TESTABILITY = YES;
				ENABLE_USER_SCRIPT_SANDBOXING = YES;
				GCC_C_LANGUAGE_STANDARD = gnu17;
				GCC_DYNAMIC_NO_PIC = NO;
				GCC_NO_COMMON_BLOCKS = YES;
				GCC_OPTIMIZATION_LEVEL = 0;
				GCC_PREPROCESSOR_DEFINITIONS = (
					"DEBUG=1",
					"$(inherited)",
				);
				GCC_WARN_64_TO_32_BIT_CONVERSION = YES;
				GCC_WARN_ABOUT_RETURN_TYPE = YES_ERROR;
				GCC_WARN_UNDECLARED_SELECTOR = YES;
				GCC_WARN_UNINITIALIZED_AUTOS = YES_AGGRESSIVE;
				GCC_WARN_UNUSED_FUNCTION = YES;
				GCC_WARN_UNUSED_VARIABLE = YES;
				LOCALIZATION_PREFERS_STRING_CATALOGS = YES;
				MACOSX_DEPLOYMENT_TARGET = 26.2;
				MTL_ENABLE_DEBUG_INFO = INCLUDE_SOURCE;
				MTL_FAST_MATH = YES;
				ONLY_ACTIVE_ARCH = YES;
				SDKROOT = macosx;
				SWIFT_ACTIVE_COMPILATION_CONDITIONS = "DEBUG $(inherited)";
				SWIFT_OPTIMIZATION_LEVEL = "-Onone";
			};
			name = Debug;
		};
		9B15CC522F630C4600CF8CBA /* Release */ = {
			isa = XCBuildConfiguration;
			buildSettings = {
				ALWAYS_SEARCH_USER_PATHS = NO;
				ASSETCATALOG_COMPILER_GENERATE_SWIFT_ASSET_SYMBOL_EXTENSIONS = YES;
				CLANG_ANALYZER_NONNULL = YES;
				CLANG_ANALYZER_NUMBER_OBJECT_CONVERSION = YES_AGGRESSIVE;
				CLANG_CXX_LANGUAGE_STANDARD = "gnu++20";
				CLANG_ENABLE_MODULES = YES;
				CLANG_ENABLE_OBJC_ARC = YES;
				CLANG_ENABLE_OBJC_WEAK = YES;
				CLANG_WARN_BLOCK_CAPTURE_AUTORELEASING = YES;
				CLANG_WARN_BOOL_CONVERSION = YES;
				CLANG_WARN_COMMA = YES;
				CLANG_WARN_CONSTANT_CONVERSION = YES;
				CLANG_WARN_DEPRECATED_OBJC_IMPLEMENTATIONS = YES;
				CLANG_WARN_DIRECT_OBJC_ISA_USAGE = YES_ERROR;
				CLANG_WARN_DOCUMENTATION_COMMENTS = YES;
				CLANG_WARN_EMPTY_BODY = YES;
				CLANG_WARN_ENUM_CONVERSION = YES;
				CLANG_WARN_INFINITE_RECURSION = YES;
				CLANG_WARN_INT_CONVERSION = YES;
				CLANG_WARN_NON_LITERAL_NULL_CONVERSION = YES;
				CLANG_WARN_OBJC_IMPLICIT_RETAIN_SELF = YES;
				CLANG_WARN_OBJC_LITERAL_CONVERSION = YES;
				CLANG_WARN_OBJC_ROOT_CLASS = YES_ERROR;
				CLANG_WARN_QUOTED_INCLUDE_IN_FRAMEWORK_HEADER = YES;
				CLANG_WARN_RANGE_LOOP_ANALYSIS = YES;
				CLANG_WARN_STRICT_PROTOTYPES = YES;
				CLANG_WARN_SUSPICIOUS_MOVE = YES;
				CLANG_WARN_UNGUARDED_AVAILABILITY = YES_AGGRESSIVE;
				CLANG_WARN_UNREACHABLE_CODE = YES;
				CLANG_WARN__DUPLICATE_METHOD_MATCH = YES;
				COPY_PHASE_STRIP = NO;
				DEBUG_INFORMATION_FORMAT = "dwarf-with-dsym";
				DEVELOPMENT_TEAM = B9P888266K;
				ENABLE_NS_ASSERTIONS = NO;
				ENABLE_STRICT_OBJC_MSGSEND = YES;
				ENABLE_USER_SCRIPT_SANDBOXING = YES;
				GCC_C_LANGUAGE_STANDARD = gnu17;
				GCC_NO_COMMON_BLOCKS = YES;
				GCC_WARN_64_TO_32_BIT_CONVERSION = YES;
				GCC_WARN_ABOUT_RETURN_TYPE = YES_ERROR;
				GCC_WARN_UNDECLARED_SELECTOR = YES;
				GCC_WARN_UNINITIALIZED_AUTOS = YES_AGGRESSIVE;
				GCC_WARN_UNUSED_FUNCTION = YES;
				GCC_WARN_UNUSED_VARIABLE = YES;
				LOCALIZATION_PREFERS_STRING_CATALOGS = YES;
				MACOSX_DEPLOYMENT_TARGET = 26.2;
				MTL_ENABLE_DEBUG_INFO = NO;
				MTL_FAST_MATH = YES;
				SDKROOT = macosx;
				SWIFT_COMPILATION_MODE = wholemodule;
			};
			name = Release;
		};
		9B15CC542F630C4600CF8CBA /* Debug */ = {
			isa = XCBuildConfiguration;
			buildSettings = {
				ASSETCATALOG_COMPILER_APPICON_NAME = ComfyDrop;
				ASSETCATALOG_COMPILER_GLOBAL_ACCENT_COLOR_NAME = AccentColor;
				CODE_SIGN_STYLE = Automatic;
				COMBINE_HIDPI_IMAGES = YES;
				CURRENT_PROJECT_VERSION = 3;
				DEVELOPMENT_TEAM = B9P888266K;
				ENABLE_APP_SANDBOX = NO;
				ENABLE_HARDENED_RUNTIME = YES;
				ENABLE_PREVIEWS = YES;
				GENERATE_INFOPLIST_FILE = YES;
				INFOPLIST_FILE = ComfyDrop/Info.plist;
				INFOPLIST_KEY_NSDesktopFolderUsageDescription = "We Need To Access This Folder In Case U Wanna Pull Out Of This Folder";
				INFOPLIST_KEY_NSDocumentsFolderUsageDescription = "We Need To Access This Folder In Case U Wanna Pull Out Of This Folder";
				INFOPLIST_KEY_NSDownloadsFolderUsageDescription = "We Need To Access This Folder In Case U Wanna Pull Out Of This Folder";
				INFOPLIST_KEY_NSHumanReadableCopyright = "";
				LD_RUNPATH_SEARCH_PATHS = (
					"$(inherited)",
					"@executable_path/../Frameworks",
				);
				MARKETING_VERSION = 1.3;
				PRODUCT_BUNDLE_IDENTIFIER = com.aryanrogye.ComfyDrop;
				PRODUCT_NAME = "$(TARGET_NAME)";
				REGISTER_APP_GROUPS = YES;
				STRING_CATALOG_GENERATE_SYMBOLS = YES;
				SWIFT_APPROACHABLE_CONCURRENCY = YES;
				SWIFT_DEFAULT_ACTOR_ISOLATION = MainActor;
				SWIFT_EMIT_LOC_STRINGS = YES;
				SWIFT_UPCOMING_FEATURE_MEMBER_IMPORT_VISIBILITY = YES;
				SWIFT_VERSION = 5.0;
			};
			name = Debug;
		};
		9B15CC552F630C4600CF8CBA /* Release */ = {
			isa = XCBuildConfiguration;
			buildSettings = {
				ASSETCATALOG_COMPILER_APPICON_NAME = ComfyDrop;
				ASSETCATALOG_COMPILER_GLOBAL_ACCENT_COLOR_NAME = AccentColor;
				CODE_SIGN_STYLE = Automatic;
				COMBINE_HIDPI_IMAGES = YES;
				CURRENT_PROJECT_VERSION = 3;
				DEVELOPMENT_TEAM = B9P888266K;
				ENABLE_APP_SANDBOX = NO;
				ENABLE_HARDENED_RUNTIME = YES;
				ENABLE_PREVIEWS = YES;
				GENERATE_INFOPLIST_FILE = YES;
				INFOPLIST_FILE = ComfyDrop/Info.plist;
				INFOPLIST_KEY_NSDesktopFolderUsageDescription = "We Need To Access This Folder In Case U Wanna Pull Out Of This Folder";
				INFOPLIST_KEY_NSDocumentsFolderUsageDescription = "We Need To Access This Folder In Case U Wanna Pull Out Of This Folder";
				INFOPLIST_KEY_NSDownloadsFolderUsageDescription = "We Need To Access This Folder In Case U Wanna Pull Out Of This Folder";
				INFOPLIST_KEY_NSHumanReadableCopyright = "";
				LD_RUNPATH_SEARCH_PATHS = (
					"$(inherited)",
					"@executable_path/../Frameworks",
				);
				MARKETING_VERSION = 1.3;
				PRODUCT_BUNDLE_IDENTIFIER = com.aryanrogye.ComfyDrop;
				PRODUCT_NAME = "$(TARGET_NAME)";
				REGISTER_APP_GROUPS = YES;
				STRING_CATALOG_GENERATE_SYMBOLS = YES;
				SWIFT_APPROACHABLE_CONCURRENCY = YES;
				SWIFT_DEFAULT_ACTOR_ISOLATION = MainActor;
				SWIFT_EMIT_LOC_STRINGS = YES;
				SWIFT_UPCOMING_FEATURE_MEMBER_IMPORT_VISIBILITY = YES;
				SWIFT_VERSION = 5.0;
			};
			name = Release;
		};
		9B15CCDB2F64705100CF8CBA /* Debug */ = {
			isa = XCBuildConfiguration;
			buildSettings = {
				BUNDLE_LOADER = "$(TEST_HOST)";
				CODE_SIGN_STYLE = Automatic;
				CURRENT_PROJECT_VERSION = 1;
				DEVELOPMENT_TEAM = B9P888266K;
				GENERATE_INFOPLIST_FILE = YES;
				MARKETING_VERSION = 1.0;
				PRODUCT_BUNDLE_IDENTIFIER = com.aryanrogye.ComfyDropTests;
				PRODUCT_NAME = "$(TARGET_NAME)";
				STRING_CATALOG_GENERATE_SYMBOLS = NO;
				SWIFT_APPROACHABLE_CONCURRENCY = YES;
				SWIFT_EMIT_LOC_STRINGS = NO;
				SWIFT_UPCOMING_FEATURE_MEMBER_IMPORT_VISIBILITY = YES;
				SWIFT_VERSION = 5.0;
				TEST_HOST = "$(BUILT_PRODUCTS_DIR)/ComfyDrop.app/$(BUNDLE_EXECUTABLE_FOLDER_PATH)/ComfyDrop";
			};
			name = Debug;
		};
		9B15CCDC2F64705100CF8CBA /* Release */ = {
			isa = XCBuildConfiguration;
			buildSettings = {
				BUNDLE_LOADER = "$(TEST_HOST)";
				CODE_SIGN_STYLE = Automatic;
				CURRENT_PROJECT_VERSION = 1;
				DEVELOPMENT_TEAM = B9P888266K;
				GENERATE_INFOPLIST_FILE = YES;
				MARKETING_VERSION = 1.0;
				PRODUCT_BUNDLE_IDENTIFIER = com.aryanrogye.ComfyDropTests;
				PRODUCT_NAME = "$(TARGET_NAME)";
				STRING_CATALOG_GENERATE_SYMBOLS = NO;
				SWIFT_APPROACHABLE_CONCURRENCY = YES;
				SWIFT_EMIT_LOC_STRINGS = NO;
				SWIFT_UPCOMING_FEATURE_MEMBER_IMPORT_VISIBILITY = YES;
				SWIFT_VERSION = 5.0;
				TEST_HOST = "$(BUILT_PRODUCTS_DIR)/ComfyDrop.app/$(BUNDLE_EXECUTABLE_FOLDER_PATH)/ComfyDrop";
			};
			name = Release;
		};
/* End XCBuildConfiguration section */

/* Begin XCConfigurationList section */
		9B15CC432F630C4500CF8CBA /* Build configuration list for PBXProject "ComfyDrop" */ = {
			isa = XCConfigurationList;
			buildConfigurations = (
				9B15CC512F630C4600CF8CBA /* Debug */,
				9B15CC522F630C4600CF8CBA /* Release */,
			);
			defaultConfigurationIsVisible = 0;
			defaultConfigurationName = Release;
		};
		9B15CC532F630C4600CF8CBA /* Build configuration list for PBXNativeTarget "ComfyDrop" */ = {
			isa = XCConfigurationList;
			buildConfigurations = (
				9B15CC542F630C4600CF8CBA /* Debug */,
				9B15CC552F630C4600CF8CBA /* Release */,
			);
			defaultConfigurationIsVisible = 0;
			defaultConfigurationName = Release;
		};
		9B15CCDA2F64705100CF8CBA /* Build configuration list for PBXNativeTarget "ComfyDropTests" */ = {
			isa = XCConfigurationList;
			buildConfigurations = (
				9B15CCDB2F64705100CF8CBA /* Debug */,
				9B15CCDC2F64705100CF8CBA /* Release */,
			);
			defaultConfigurationIsVisible = 0;
			defaultConfigurationName = Release;
		};
/* End XCConfigurationList section */

/* Begin XCRemoteSwiftPackageReference section */
		9B15CC7F2F633B2900CF8CBA /* XCRemoteSwiftPackageReference "Defaults" */ = {
			isa = XCRemoteSwiftPackageReference;
			repositoryURL = "https://github.com/sindresorhus/Defaults.git";
			requirement = {
				kind = upToNextMajorVersion;
				minimumVersion = 9.0.6;
			};
		};
		9B28E82F2F6844FA002AC079 /* XCRemoteSwiftPackageReference "Sparkle" */ = {
			isa = XCRemoteSwiftPackageReference;
			repositoryURL = "https://github.com/sparkle-project/Sparkle";
			requirement = {
				kind = upToNextMajorVersion;
				minimumVersion = 2.9.0;
			};
		};
/* End XCRemoteSwiftPackageReference section */

/* Begin XCSwiftPackageProductDependency section */
		9B15CC802F633B2900CF8CBA /* Defaults */ = {
			isa = XCSwiftPackageProductDependency;
			package = 9B15CC7F2F633B2900CF8CBA /* XCRemoteSwiftPackageReference "Defaults" */;
			productName = Defaults;
		};
		9B28E8302F6844FA002AC079 /* Sparkle */ = {
			isa = XCSwiftPackageProductDependency;
			package = 9B28E82F2F6844FA002AC079 /* XCRemoteSwiftPackageReference "Sparkle" */;
			productName = Sparkle;
		};
/* End XCSwiftPackageProductDependency section */
	};
	rootObject = 9B15CC402F630C4500CF8CBA /* Project object */;
}
